// !$*UTF8*$!
{
	archiveVersion = 1;
	classes = {
	};
	objectVersion = 46;
	objects = {

/* Begin PBXBuildFile section */
		351DB6701F287EF300304176 /* MainViewController.swift in Sources */ = {isa = PBXBuildFile; fileRef = 351DB62D1F287EF300304176 /* MainViewController.swift */; };
		351DB6711F287EF300304176 /* FirstViewController.swift in Sources */ = {isa = PBXBuildFile; fileRef = 351DB62F1F287EF300304176 /* FirstViewController.swift */; };
		351DB6731F287EF300304176 /* MotionViewController.swift in Sources */ = {isa = PBXBuildFile; fileRef = 351DB6311F287EF300304176 /* MotionViewController.swift */; };
		351DB6741F287EF300304176 /* PhoneText.swift in Sources */ = {isa = PBXBuildFile; fileRef = 351DB6321F287EF300304176 /* PhoneText.swift */; };
		351DB6751F287EF300304176 /* ScrollViewController.swift in Sources */ = {isa = PBXBuildFile; fileRef = 351DB6331F287EF300304176 /* ScrollViewController.swift */; };
		351DB6761F287EF300304176 /* SecondViewController.swift in Sources */ = {isa = PBXBuildFile; fileRef = 351DB6341F287EF300304176 /* SecondViewController.swift */; };
		351DB6771F287EF300304176 /* User.swift in Sources */ = {isa = PBXBuildFile; fileRef = 351DB6351F287EF300304176 /* User.swift */; };
		351DB6781F287EF300304176 /* ViewController.swift in Sources */ = {isa = PBXBuildFile; fileRef = 351DB6361F287EF300304176 /* ViewController.swift */; };
		351DB6791F287EF300304176 /* MJRefreshAutoFooter.m in Sources */ = {isa = PBXBuildFile; fileRef = 351DB63D1F287EF300304176 /* MJRefreshAutoFooter.m */; };
		351DB67A1F287EF300304176 /* MJRefreshBackFooter.m in Sources */ = {isa = PBXBuildFile; fileRef = 351DB63F1F287EF300304176 /* MJRefreshBackFooter.m */; };
		351DB67B1F287EF300304176 /* MJRefreshComponent.m in Sources */ = {isa = PBXBuildFile; fileRef = 351DB6411F287EF300304176 /* MJRefreshComponent.m */; };
		351DB67C1F287EF300304176 /* MJRefreshFooter.m in Sources */ = {isa = PBXBuildFile; fileRef = 351DB6431F287EF300304176 /* MJRefreshFooter.m */; };
		351DB67D1F287EF300304176 /* MJRefreshHeader.m in Sources */ = {isa = PBXBuildFile; fileRef = 351DB6451F287EF300304176 /* MJRefreshHeader.m */; };
		351DB67E1F287EF300304176 /* MJRefreshAutoGifFooter.m in Sources */ = {isa = PBXBuildFile; fileRef = 351DB64A1F287EF300304176 /* MJRefreshAutoGifFooter.m */; };
		351DB67F1F287EF300304176 /* MJRefreshAutoNormalFooter.m in Sources */ = {isa = PBXBuildFile; fileRef = 351DB64C1F287EF300304176 /* MJRefreshAutoNormalFooter.m */; };
		351DB6801F287EF300304176 /* MJRefreshAutoStateFooter.m in Sources */ = {isa = PBXBuildFile; fileRef = 351DB64E1F287EF300304176 /* MJRefreshAutoStateFooter.m */; };
		351DB6811F287EF300304176 /* MJRefreshBackGifFooter.m in Sources */ = {isa = PBXBuildFile; fileRef = 351DB6511F287EF300304176 /* MJRefreshBackGifFooter.m */; };
		351DB6821F287EF300304176 /* MJRefreshBackNormalFooter.m in Sources */ = {isa = PBXBuildFile; fileRef = 351DB6531F287EF300304176 /* MJRefreshBackNormalFooter.m */; };
		351DB6831F287EF300304176 /* MJRefreshBackStateFooter.m in Sources */ = {isa = PBXBuildFile; fileRef = 351DB6551F287EF300304176 /* MJRefreshBackStateFooter.m */; };
		351DB6841F287EF300304176 /* MJRefreshGifHeader.m in Sources */ = {isa = PBXBuildFile; fileRef = 351DB6581F287EF300304176 /* MJRefreshGifHeader.m */; };
		351DB6851F287EF300304176 /* MJRefreshNormalHeader.m in Sources */ = {isa = PBXBuildFile; fileRef = 351DB65A1F287EF300304176 /* MJRefreshNormalHeader.m */; };
		351DB6861F287EF300304176 /* MJRefreshStateHeader.m in Sources */ = {isa = PBXBuildFile; fileRef = 351DB65C1F287EF300304176 /* MJRefreshStateHeader.m */; };
		351DB6871F287EF300304176 /* MJRefresh.bundle in Resources */ = {isa = PBXBuildFile; fileRef = 351DB65D1F287EF300304176 /* MJRefresh.bundle */; };
		351DB6881F287EF300304176 /* MJRefreshConst.m in Sources */ = {isa = PBXBuildFile; fileRef = 351DB6601F287EF300304176 /* MJRefreshConst.m */; };
		351DB6891F287EF300304176 /* NSBundle+MJRefresh.m in Sources */ = {isa = PBXBuildFile; fileRef = 351DB6621F287EF300304176 /* NSBundle+MJRefresh.m */; };
		351DB68A1F287EF300304176 /* UIScrollView+MJExtension.m in Sources */ = {isa = PBXBuildFile; fileRef = 351DB6641F287EF300304176 /* UIScrollView+MJExtension.m */; };
		351DB68B1F287EF300304176 /* UIScrollView+MJRefresh.m in Sources */ = {isa = PBXBuildFile; fileRef = 351DB6661F287EF300304176 /* UIScrollView+MJRefresh.m */; };
		351DB68C1F287EF300304176 /* UIView+MJExtension.m in Sources */ = {isa = PBXBuildFile; fileRef = 351DB6681F287EF300304176 /* UIView+MJExtension.m */; };
		351DB68D1F287EF300304176 /* AppDelegate.swift in Sources */ = {isa = PBXBuildFile; fileRef = 351DB66A1F287EF300304176 /* AppDelegate.swift */; };
		351DB68E1F287EF300304176 /* boy.mp3 in Resources */ = {isa = PBXBuildFile; fileRef = 351DB66C1F287EF300304176 /* boy.mp3 */; };
		351DB68F1F287EF300304176 /* liangbo.png in Resources */ = {isa = PBXBuildFile; fileRef = 351DB66D1F287EF300304176 /* liangbo.png */; };
		351DB6911F287F3800304176 /* HttpController.swift in Sources */ = {isa = PBXBuildFile; fileRef = 351DB6901F287F3800304176 /* HttpController.swift */; };
		352EAE4A1F4FC6D500F2A84F /* LJNavigationViewController.swift in Sources */ = {isa = PBXBuildFile; fileRef = 352EAE491F4FC6D500F2A84F /* LJNavigationViewController.swift */; };
		352EAE4C1F4FCC3B00F2A84F /* LJViewController.swift in Sources */ = {isa = PBXBuildFile; fileRef = 352EAE4B1F4FCC3B00F2A84F /* LJViewController.swift */; };
		3553B73C1EE0161B00ACDF37 /* Main.storyboard in Resources */ = {isa = PBXBuildFile; fileRef = 3553B73A1EE0161B00ACDF37 /* Main.storyboard */; };
		3553B73E1EE0161B00ACDF37 /* Assets.xcassets in Resources */ = {isa = PBXBuildFile; fileRef = 3553B73D1EE0161B00ACDF37 /* Assets.xcassets */; };
		3553B7411EE0161B00ACDF37 /* LaunchScreen.storyboard in Resources */ = {isa = PBXBuildFile; fileRef = 3553B73F1EE0161B00ACDF37 /* LaunchScreen.storyboard */; };
		3553B74C1EE0161C00ACDF37 /* dommmmTests.swift in Sources */ = {isa = PBXBuildFile; fileRef = 3553B74B1EE0161C00ACDF37 /* dommmmTests.swift */; };
		3553B7571EE0161C00ACDF37 /* dommmmUITests.swift in Sources */ = {isa = PBXBuildFile; fileRef = 3553B7561EE0161C00ACDF37 /* dommmmUITests.swift */; };
		35E53F7D1F3DA2FC005027D3 /* MBProgressHUD.bundle in Resources */ = {isa = PBXBuildFile; fileRef = 35E53F7A1F3DA2FC005027D3 /* MBProgressHUD.bundle */; };
		35E53F7E1F3DA2FC005027D3 /* MBProgressHUD.m in Sources */ = {isa = PBXBuildFile; fileRef = 35E53F7C1F3DA2FC005027D3 /* MBProgressHUD.m */; };
		35E53F811F3DA3D5005027D3 /* HUD.swift in Sources */ = {isa = PBXBuildFile; fileRef = 35E53F801F3DA3D5005027D3 /* HUD.swift */; };
/* End PBXBuildFile section */

/* Begin PBXContainerItemProxy section */
		3553B7481EE0161C00ACDF37 /* PBXContainerItemProxy */ = {
			isa = PBXContainerItemProxy;
			containerPortal = 3553B72B1EE0161B00ACDF37 /* Project object */;
			proxyType = 1;
			remoteGlobalIDString = 3553B7321EE0161B00ACDF37;
			remoteInfo = dommmm;
		};
		3553B7531EE0161C00ACDF37 /* PBXContainerItemProxy */ = {
			isa = PBXContainerItemProxy;
			containerPortal = 3553B72B1EE0161B00ACDF37 /* Project object */;
			proxyType = 1;
			remoteGlobalIDString = 3553B7321EE0161B00ACDF37;
			remoteInfo = dommmm;
		};
/* End PBXContainerItemProxy section */

/* Begin PBXFileReference section */
		351DB62D1F287EF300304176 /* MainViewController.swift */ = {isa = PBXFileReference; fileEncoding = 4; lastKnownFileType = sourcecode.swift; path = MainViewController.swift; sourceTree = "<group>"; };
		351DB62F1F287EF300304176 /* FirstViewController.swift */ = {isa = PBXFileReference; fileEncoding = 4; lastKnownFileType = sourcecode.swift; path = FirstViewController.swift; sourceTree = "<group>"; };
		351DB6311F287EF300304176 /* MotionViewController.swift */ = {isa = PBXFileReference; fileEncoding = 4; lastKnownFileType = sourcecode.swift; path = MotionViewController.swift; sourceTree = "<group>"; };
		351DB6321F287EF300304176 /* PhoneText.swift */ = {isa = PBXFileReference; fileEncoding = 4; lastKnownFileType = sourcecode.swift; path = PhoneText.swift; sourceTree = "<group>"; };
		351DB6331F287EF300304176 /* ScrollViewController.swift */ = {isa = PBXFileReference; fileEncoding = 4; lastKnownFileType = sourcecode.swift; path = ScrollViewController.swift; sourceTree = "<group>"; };
		351DB6341F287EF300304176 /* SecondViewController.swift */ = {isa = PBXFileReference; fileEncoding = 4; lastKnownFileType = sourcecode.swift; path = SecondViewController.swift; sourceTree = "<group>"; };
		351DB6351F287EF300304176 /* User.swift */ = {isa = PBXFileReference; fileEncoding = 4; lastKnownFileType = sourcecode.swift; path = User.swift; sourceTree = "<group>"; };
		351DB6361F287EF300304176 /* ViewController.swift */ = {isa = PBXFileReference; fileEncoding = 4; lastKnownFileType = sourcecode.swift; path = ViewController.swift; sourceTree = "<group>"; };
		351DB63C1F287EF300304176 /* MJRefreshAutoFooter.h */ = {isa = PBXFileReference; fileEncoding = 4; lastKnownFileType = sourcecode.c.h; path = MJRefreshAutoFooter.h; sourceTree = "<group>"; };
		351DB63D1F287EF300304176 /* MJRefreshAutoFooter.m */ = {isa = PBXFileReference; fileEncoding = 4; lastKnownFileType = sourcecode.c.objc; path = MJRefreshAutoFooter.m; sourceTree = "<group>"; };
		351DB63E1F287EF300304176 /* MJRefreshBackFooter.h */ = {isa = PBXFileReference; fileEncoding = 4; lastKnownFileType = sourcecode.c.h; path = MJRefreshBackFooter.h; sourceTree = "<group>"; };
		351DB63F1F287EF300304176 /* MJRefreshBackFooter.m */ = {isa = PBXFileReference; fileEncoding = 4; lastKnownFileType = sourcecode.c.objc; path = MJRefreshBackFooter.m; sourceTree = "<group>"; };
		351DB6401F287EF300304176 /* MJRefreshComponent.h */ = {isa = PBXFileReference; fileEncoding = 4; lastKnownFileType = sourcecode.c.h; path = MJRefreshComponent.h; sourceTree = "<group>"; };
		351DB6411F287EF300304176 /* MJRefreshComponent.m */ = {isa = PBXFileReference; fileEncoding = 4; lastKnownFileType = sourcecode.c.objc; path = MJRefreshComponent.m; sourceTree = "<group>"; };
		351DB6421F287EF300304176 /* MJRefreshFooter.h */ = {isa = PBXFileReference; fileEncoding = 4; lastKnownFileType = sourcecode.c.h; path = MJRefreshFooter.h; sourceTree = "<group>"; };
		351DB6431F287EF300304176 /* MJRefreshFooter.m */ = {isa = PBXFileReference; fileEncoding = 4; lastKnownFileType = sourcecode.c.objc; path = MJRefreshFooter.m; sourceTree = "<group>"; };
		351DB6441F287EF300304176 /* MJRefreshHeader.h */ = {isa = PBXFileReference; fileEncoding = 4; lastKnownFileType = sourcecode.c.h; path = MJRefreshHeader.h; sourceTree = "<group>"; };
		351DB6451F287EF300304176 /* MJRefreshHeader.m */ = {isa = PBXFileReference; fileEncoding = 4; lastKnownFileType = sourcecode.c.objc; path = MJRefreshHeader.m; sourceTree = "<group>"; };
		351DB6491F287EF300304176 /* MJRefreshAutoGifFooter.h */ = {isa = PBXFileReference; fileEncoding = 4; lastKnownFileType = sourcecode.c.h; path = MJRefreshAutoGifFooter.h; sourceTree = "<group>"; };
		351DB64A1F287EF300304176 /* MJRefreshAutoGifFooter.m */ = {isa = PBXFileReference; fileEncoding = 4; lastKnownFileType = sourcecode.c.objc; path = MJRefreshAutoGifFooter.m; sourceTree = "<group>"; };
		351DB64B1F287EF300304176 /* MJRefreshAutoNormalFooter.h */ = {isa = PBXFileReference; fileEncoding = 4; lastKnownFileType = sourcecode.c.h; path = MJRefreshAutoNormalFooter.h; sourceTree = "<group>"; };
		351DB64C1F287EF300304176 /* MJRefreshAutoNormalFooter.m */ = {isa = PBXFileReference; fileEncoding = 4; lastKnownFileType = sourcecode.c.objc; path = MJRefreshAutoNormalFooter.m; sourceTree = "<group>"; };
		351DB64D1F287EF300304176 /* MJRefreshAutoStateFooter.h */ = {isa = PBXFileReference; fileEncoding = 4; lastKnownFileType = sourcecode.c.h; path = MJRefreshAutoStateFooter.h; sourceTree = "<group>"; };
		351DB64E1F287EF300304176 /* MJRefreshAutoStateFooter.m */ = {isa = PBXFileReference; fileEncoding = 4; lastKnownFileType = sourcecode.c.objc; path = MJRefreshAutoStateFooter.m; sourceTree = "<group>"; };
		351DB6501F287EF300304176 /* MJRefreshBackGifFooter.h */ = {isa = PBXFileReference; fileEncoding = 4; lastKnownFileType = sourcecode.c.h; path = MJRefreshBackGifFooter.h; sourceTree = "<group>"; };
		351DB6511F287EF300304176 /* MJRefreshBackGifFooter.m */ = {isa = PBXFileReference; fileEncoding = 4; lastKnownFileType = sourcecode.c.objc; path = MJRefreshBackGifFooter.m; sourceTree = "<group>"; };
		351DB6521F287EF300304176 /* MJRefreshBackNormalFooter.h */ = {isa = PBXFileReference; fileEncoding = 4; lastKnownFileType = sourcecode.c.h; path = MJRefreshBackNormalFooter.h; sourceTree = "<group>"; };
		351DB6531F287EF300304176 /* MJRefreshBackNormalFooter.m */ = {isa = PBXFileReference; fileEncoding = 4; lastKnownFileType = sourcecode.c.objc; path = MJRefreshBackNormalFooter.m; sourceTree = "<group>"; };
		351DB6541F287EF300304176 /* MJRefreshBackStateFooter.h */ = {isa = PBXFileReference; fileEncoding = 4; lastKnownFileType = sourcecode.c.h; path = MJRefreshBackStateFooter.h; sourceTree = "<group>"; };
		351DB6551F287EF300304176 /* MJRefreshBackStateFooter.m */ = {isa = PBXFileReference; fileEncoding = 4; lastKnownFileType = sourcecode.c.objc; path = MJRefreshBackStateFooter.m; sourceTree = "<group>"; };
		351DB6571F287EF300304176 /* MJRefreshGifHeader.h */ = {isa = PBXFileReference; fileEncoding = 4; lastKnownFileType = sourcecode.c.h; path = MJRefreshGifHeader.h; sourceTree = "<group>"; };
		351DB6581F287EF300304176 /* MJRefreshGifHeader.m */ = {isa = PBXFileReference; fileEncoding = 4; lastKnownFileType = sourcecode.c.objc; path = MJRefreshGifHeader.m; sourceTree = "<group>"; };
		351DB6591F287EF300304176 /* MJRefreshNormalHeader.h */ = {isa = PBXFileReference; fileEncoding = 4; lastKnownFileType = sourcecode.c.h; path = MJRefreshNormalHeader.h; sourceTree = "<group>"; };
		351DB65A1F287EF300304176 /* MJRefreshNormalHeader.m */ = {isa = PBXFileReference; fileEncoding = 4; lastKnownFileType = sourcecode.c.objc; path = MJRefreshNormalHeader.m; sourceTree = "<group>"; };
		351DB65B1F287EF300304176 /* MJRefreshStateHeader.h */ = {isa = PBXFileReference; fileEncoding = 4; lastKnownFileType = sourcecode.c.h; path = MJRefreshStateHeader.h; sourceTree = "<group>"; };
		351DB65C1F287EF300304176 /* MJRefreshStateHeader.m */ = {isa = PBXFileReference; fileEncoding = 4; lastKnownFileType = sourcecode.c.objc; path = MJRefreshStateHeader.m; sourceTree = "<group>"; };
		351DB65D1F287EF300304176 /* MJRefresh.bundle */ = {isa = PBXFileReference; lastKnownFileType = "wrapper.plug-in"; path = MJRefresh.bundle; sourceTree = "<group>"; };
		351DB65E1F287EF300304176 /* MJRefresh.h */ = {isa = PBXFileReference; fileEncoding = 4; lastKnownFileType = sourcecode.c.h; path = MJRefresh.h; sourceTree = "<group>"; };
		351DB65F1F287EF300304176 /* MJRefreshConst.h */ = {isa = PBXFileReference; fileEncoding = 4; lastKnownFileType = sourcecode.c.h; path = MJRefreshConst.h; sourceTree = "<group>"; };
		351DB6601F287EF300304176 /* MJRefreshConst.m */ = {isa = PBXFileReference; fileEncoding = 4; lastKnownFileType = sourcecode.c.objc; path = MJRefreshConst.m; sourceTree = "<group>"; };
		351DB6611F287EF300304176 /* NSBundle+MJRefresh.h */ = {isa = PBXFileReference; fileEncoding = 4; lastKnownFileType = sourcecode.c.h; path = "NSBundle+MJRefresh.h"; sourceTree = "<group>"; };
		351DB6621F287EF300304176 /* NSBundle+MJRefresh.m */ = {isa = PBXFileReference; fileEncoding = 4; lastKnownFileType = sourcecode.c.objc; path = "NSBundle+MJRefresh.m"; sourceTree = "<group>"; };
		351DB6631F287EF300304176 /* UIScrollView+MJExtension.h */ = {isa = PBXFileReference; fileEncoding = 4; lastKnownFileType = sourcecode.c.h; path = "UIScrollView+MJExtension.h"; sourceTree = "<group>"; };
		351DB6641F287EF300304176 /* UIScrollView+MJExtension.m */ = {isa = PBXFileReference; fileEncoding = 4; lastKnownFileType = sourcecode.c.objc; path = "UIScrollView+MJExtension.m"; sourceTree = "<group>"; };
		351DB6651F287EF300304176 /* UIScrollView+MJRefresh.h */ = {isa = PBXFileReference; fileEncoding = 4; lastKnownFileType = sourcecode.c.h; path = "UIScrollView+MJRefresh.h"; sourceTree = "<group>"; };
		351DB6661F287EF300304176 /* UIScrollView+MJRefresh.m */ = {isa = PBXFileReference; fileEncoding = 4; lastKnownFileType = sourcecode.c.objc; path = "UIScrollView+MJRefresh.m"; sourceTree = "<group>"; };
		351DB6671F287EF300304176 /* UIView+MJExtension.h */ = {isa = PBXFileReference; fileEncoding = 4; lastKnownFileType = sourcecode.c.h; path = "UIView+MJExtension.h"; sourceTree = "<group>"; };
		351DB6681F287EF300304176 /* UIView+MJExtension.m */ = {isa = PBXFileReference; fileEncoding = 4; lastKnownFileType = sourcecode.c.objc; path = "UIView+MJExtension.m"; sourceTree = "<group>"; };
		351DB66A1F287EF300304176 /* AppDelegate.swift */ = {isa = PBXFileReference; fileEncoding = 4; lastKnownFileType = sourcecode.swift; path = AppDelegate.swift; sourceTree = "<group>"; };
		351DB66C1F287EF300304176 /* boy.mp3 */ = {isa = PBXFileReference; lastKnownFileType = audio.mp3; path = boy.mp3; sourceTree = "<group>"; };
		351DB66D1F287EF300304176 /* liangbo.png */ = {isa = PBXFileReference; lastKnownFileType = image.png; path = liangbo.png; sourceTree = "<group>"; };
		351DB6901F287F3800304176 /* HttpController.swift */ = {isa = PBXFileReference; fileEncoding = 4; lastKnownFileType = sourcecode.swift; path = HttpController.swift; sourceTree = "<group>"; };
		352EAE491F4FC6D500F2A84F /* LJNavigationViewController.swift */ = {isa = PBXFileReference; fileEncoding = 4; lastKnownFileType = sourcecode.swift; path = LJNavigationViewController.swift; sourceTree = "<group>"; };
		352EAE4B1F4FCC3B00F2A84F /* LJViewController.swift */ = {isa = PBXFileReference; fileEncoding = 4; lastKnownFileType = sourcecode.swift; path = LJViewController.swift; sourceTree = "<group>"; };
		3553B7331EE0161B00ACDF37 /* dommmm.app */ = {isa = PBXFileReference; explicitFileType = wrapper.application; includeInIndex = 0; path = dommmm.app; sourceTree = BUILT_PRODUCTS_DIR; };
		3553B73B1EE0161B00ACDF37 /* Base */ = {isa = PBXFileReference; lastKnownFileType = file.storyboard; name = Base; path = Base.lproj/Main.storyboard; sourceTree = "<group>"; };
		3553B73D1EE0161B00ACDF37 /* Assets.xcassets */ = {isa = PBXFileReference; lastKnownFileType = folder.assetcatalog; path = Assets.xcassets; sourceTree = "<group>"; };
		3553B7401EE0161B00ACDF37 /* Base */ = {isa = PBXFileReference; lastKnownFileType = file.storyboard; name = Base; path = Base.lproj/LaunchScreen.storyboard; sourceTree = "<group>"; };
		3553B7421EE0161B00ACDF37 /* Info.plist */ = {isa = PBXFileReference; lastKnownFileType = text.plist.xml; path = Info.plist; sourceTree = "<group>"; };
		3553B7471EE0161C00ACDF37 /* dommmmTests.xctest */ = {isa = PBXFileReference; explicitFileType = wrapper.cfbundle; includeInIndex = 0; path = dommmmTests.xctest; sourceTree = BUILT_PRODUCTS_DIR; };
		3553B74B1EE0161C00ACDF37 /* dommmmTests.swift */ = {isa = PBXFileReference; lastKnownFileType = sourcecode.swift; path = dommmmTests.swift; sourceTree = "<group>"; };
		3553B74D1EE0161C00ACDF37 /* Info.plist */ = {isa = PBXFileReference; lastKnownFileType = text.plist.xml; path = Info.plist; sourceTree = "<group>"; };
		3553B7521EE0161C00ACDF37 /* dommmmUITests.xctest */ = {isa = PBXFileReference; explicitFileType = wrapper.cfbundle; includeInIndex = 0; path = dommmmUITests.xctest; sourceTree = BUILT_PRODUCTS_DIR; };
		3553B7561EE0161C00ACDF37 /* dommmmUITests.swift */ = {isa = PBXFileReference; lastKnownFileType = sourcecode.swift; path = dommmmUITests.swift; sourceTree = "<group>"; };
		3553B7581EE0161C00ACDF37 /* Info.plist */ = {isa = PBXFileReference; lastKnownFileType = text.plist.xml; path = Info.plist; sourceTree = "<group>"; };
		35922D441F00F3B700526CD4 /* xxx_Bridge_Header.h */ = {isa = PBXFileReference; lastKnownFileType = sourcecode.c.h; path = xxx_Bridge_Header.h; sourceTree = "<group>"; };
		35E53F7A1F3DA2FC005027D3 /* MBProgressHUD.bundle */ = {isa = PBXFileReference; lastKnownFileType = "wrapper.plug-in"; path = MBProgressHUD.bundle; sourceTree = "<group>"; };
		35E53F7B1F3DA2FC005027D3 /* MBProgressHUD.h */ = {isa = PBXFileReference; fileEncoding = 4; lastKnownFileType = sourcecode.c.h; path = MBProgressHUD.h; sourceTree = "<group>"; };
		35E53F7C1F3DA2FC005027D3 /* MBProgressHUD.m */ = {isa = PBXFileReference; fileEncoding = 4; lastKnownFileType = sourcecode.c.objc; path = MBProgressHUD.m; sourceTree = "<group>"; };
		35E53F801F3DA3D5005027D3 /* HUD.swift */ = {isa = PBXFileReference; fileEncoding = 4; lastKnownFileType = sourcecode.swift; path = HUD.swift; sourceTree = "<group>"; };
/* End PBXFileReference section */

/* Begin PBXFrameworksBuildPhase section */
		3553B7301EE0161B00ACDF37 /* Frameworks */ = {
			isa = PBXFrameworksBuildPhase;
			buildActionMask = 2147483647;
			files = (
			);
			runOnlyForDeploymentPostprocessing = 0;
		};
		3553B7441EE0161C00ACDF37 /* Frameworks */ = {
			isa = PBXFrameworksBuildPhase;
			buildActionMask = 2147483647;
			files = (
			);
			runOnlyForDeploymentPostprocessing = 0;
		};
		3553B74F1EE0161C00ACDF37 /* Frameworks */ = {
			isa = PBXFrameworksBuildPhase;
			buildActionMask = 2147483647;
			files = (
			);
			runOnlyForDeploymentPostprocessing = 0;
		};
/* End PBXFrameworksBuildPhase section */

/* Begin PBXGroup section */
		351DB62B1F287EF300304176 /* API */ = {
			isa = PBXGroup;
			children = (
				351DB6901F287F3800304176 /* HttpController.swift */,
			);
			path = API;
			sourceTree = "<group>";
		};
		351DB62C1F287EF300304176 /* Base */ = {
			isa = PBXGroup;
			children = (
				351DB62D1F287EF300304176 /* MainViewController.swift */,
				352EAE491F4FC6D500F2A84F /* LJNavigationViewController.swift */,
				352EAE4B1F4FCC3B00F2A84F /* LJViewController.swift */,
			);
			path = Base;
			sourceTree = "<group>";
		};
		351DB62E1F287EF300304176 /* Class */ = {
			isa = PBXGroup;
			children = (
				351DB62F1F287EF300304176 /* FirstViewController.swift */,
				351DB6311F287EF300304176 /* MotionViewController.swift */,
				351DB6321F287EF300304176 /* PhoneText.swift */,
				351DB6331F287EF300304176 /* ScrollViewController.swift */,
				351DB6341F287EF300304176 /* SecondViewController.swift */,
				351DB6351F287EF300304176 /* User.swift */,
				351DB6361F287EF300304176 /* ViewController.swift */,
				35E53F801F3DA3D5005027D3 /* HUD.swift */,
			);
			path = Class;
			sourceTree = "<group>";
		};
		351DB6371F287EF300304176 /* Custom */ = {
			isa = PBXGroup;
			children = (
			);
			path = Custom;
			sourceTree = "<group>";
		};
		351DB6381F287EF300304176 /* Framework */ = {
			isa = PBXGroup;
			children = (
				35E53F7A1F3DA2FC005027D3 /* MBProgressHUD.bundle */,
				35E53F7B1F3DA2FC005027D3 /* MBProgressHUD.h */,
				35E53F7C1F3DA2FC005027D3 /* MBProgressHUD.m */,
				351DB6391F287EF300304176 /* Masonry */,
				351DB63A1F287EF300304176 /* MJRefresh */,
			);
			path = Framework;
			sourceTree = "<group>";
		};
		351DB6391F287EF300304176 /* Masonry */ = {
			isa = PBXGroup;
			children = (
			);
			path = Masonry;
			sourceTree = "<group>";
		};
		351DB63A1F287EF300304176 /* MJRefresh */ = {
			isa = PBXGroup;
			children = (
				351DB63B1F287EF300304176 /* Base */,
				351DB6461F287EF300304176 /* Custom */,
				351DB65D1F287EF300304176 /* MJRefresh.bundle */,
				351DB65E1F287EF300304176 /* MJRefresh.h */,
				351DB65F1F287EF300304176 /* MJRefreshConst.h */,
				351DB6601F287EF300304176 /* MJRefreshConst.m */,
				351DB6611F287EF300304176 /* NSBundle+MJRefresh.h */,
				351DB6621F287EF300304176 /* NSBundle+MJRefresh.m */,
				351DB6631F287EF300304176 /* UIScrollView+MJExtension.h */,
				351DB6641F287EF300304176 /* UIScrollView+MJExtension.m */,
				351DB6651F287EF300304176 /* UIScrollView+MJRefresh.h */,
				351DB6661F287EF300304176 /* UIScrollView+MJRefresh.m */,
				351DB6671F287EF300304176 /* UIView+MJExtension.h */,
				351DB6681F287EF300304176 /* UIView+MJExtension.m */,
			);
			path = MJRefresh;
			sourceTree = "<group>";
		};
		351DB63B1F287EF300304176 /* Base */ = {
			isa = PBXGroup;
			children = (
				351DB63C1F287EF300304176 /* MJRefreshAutoFooter.h */,
				351DB63D1F287EF300304176 /* MJRefreshAutoFooter.m */,
				351DB63E1F287EF300304176 /* MJRefreshBackFooter.h */,
				351DB63F1F287EF300304176 /* MJRefreshBackFooter.m */,
				351DB6401F287EF300304176 /* MJRefreshComponent.h */,
				351DB6411F287EF300304176 /* MJRefreshComponent.m */,
				351DB6421F287EF300304176 /* MJRefreshFooter.h */,
				351DB6431F287EF300304176 /* MJRefreshFooter.m */,
				351DB6441F287EF300304176 /* MJRefreshHeader.h */,
				351DB6451F287EF300304176 /* MJRefreshHeader.m */,
			);
			path = Base;
			sourceTree = "<group>";
		};
		351DB6461F287EF300304176 /* Custom */ = {
			isa = PBXGroup;
			children = (
				351DB6471F287EF300304176 /* Footer */,
				351DB6561F287EF300304176 /* Header */,
			);
			path = Custom;
			sourceTree = "<group>";
		};
		351DB6471F287EF300304176 /* Footer */ = {
			isa = PBXGroup;
			children = (
				351DB6481F287EF300304176 /* Auto */,
				351DB64F1F287EF300304176 /* Back */,
			);
			path = Footer;
			sourceTree = "<group>";
		};
		351DB6481F287EF300304176 /* Auto */ = {
			isa = PBXGroup;
			children = (
				351DB6491F287EF300304176 /* MJRefreshAutoGifFooter.h */,
				351DB64A1F287EF300304176 /* MJRefreshAutoGifFooter.m */,
				351DB64B1F287EF300304176 /* MJRefreshAutoNormalFooter.h */,
				351DB64C1F287EF300304176 /* MJRefreshAutoNormalFooter.m */,
				351DB64D1F287EF300304176 /* MJRefreshAutoStateFooter.h */,
				351DB64E1F287EF300304176 /* MJRefreshAutoStateFooter.m */,
			);
			path = Auto;
			sourceTree = "<group>";
		};
		351DB64F1F287EF300304176 /* Back */ = {
			isa = PBXGroup;
			children = (
				351DB6501F287EF300304176 /* MJRefreshBackGifFooter.h */,
				351DB6511F287EF300304176 /* MJRefreshBackGifFooter.m */,
				351DB6521F287EF300304176 /* MJRefreshBackNormalFooter.h */,
				351DB6531F287EF300304176 /* MJRefreshBackNormalFooter.m */,
				351DB6541F287EF300304176 /* MJRefreshBackStateFooter.h */,
				351DB6551F287EF300304176 /* MJRefreshBackStateFooter.m */,
			);
			path = Back;
			sourceTree = "<group>";
		};
		351DB6561F287EF300304176 /* Header */ = {
			isa = PBXGroup;
			children = (
				351DB6571F287EF300304176 /* MJRefreshGifHeader.h */,
				351DB6581F287EF300304176 /* MJRefreshGifHeader.m */,
				351DB6591F287EF300304176 /* MJRefreshNormalHeader.h */,
				351DB65A1F287EF300304176 /* MJRefreshNormalHeader.m */,
				351DB65B1F287EF300304176 /* MJRefreshStateHeader.h */,
				351DB65C1F287EF300304176 /* MJRefreshStateHeader.m */,
			);
			path = Header;
			sourceTree = "<group>";
		};
		351DB6691F287EF300304176 /* Main */ = {
			isa = PBXGroup;
			children = (
				351DB66A1F287EF300304176 /* AppDelegate.swift */,
			);
			path = Main;
			sourceTree = "<group>";
		};
		351DB66B1F287EF300304176 /* Resources */ = {
			isa = PBXGroup;
			children = (
				351DB66C1F287EF300304176 /* boy.mp3 */,
				351DB66D1F287EF300304176 /* liangbo.png */,
			);
			path = Resources;
			sourceTree = "<group>";
		};
		351DB66E1F287EF300304176 /* Support */ = {
			isa = PBXGroup;
			children = (
			);
			path = Support;
			sourceTree = "<group>";
		};
		351DB66F1F287EF300304176 /* Vender */ = {
			isa = PBXGroup;
			children = (
			);
			path = Vender;
			sourceTree = "<group>";
		};
		3553B72A1EE0161B00ACDF37 = {
			isa = PBXGroup;
			children = (
				3553B7351EE0161B00ACDF37 /* dommmm */,
				3553B74A1EE0161C00ACDF37 /* dommmmTests */,
				3553B7551EE0161C00ACDF37 /* dommmmUITests */,
				3553B7341EE0161B00ACDF37 /* Products */,
			);
			sourceTree = "<group>";
		};
		3553B7341EE0161B00ACDF37 /* Products */ = {
			isa = PBXGroup;
			children = (
				3553B7331EE0161B00ACDF37 /* dommmm.app */,
				3553B7471EE0161C00ACDF37 /* dommmmTests.xctest */,
				3553B7521EE0161C00ACDF37 /* dommmmUITests.xctest */,
			);
			name = Products;
			sourceTree = "<group>";
		};
		3553B7351EE0161B00ACDF37 /* dommmm */ = {
			isa = PBXGroup;
			children = (
				35922D441F00F3B700526CD4 /* xxx_Bridge_Header.h */,
				351DB6691F287EF300304176 /* Main */,
				351DB62B1F287EF300304176 /* API */,
				351DB62C1F287EF300304176 /* Base */,
				351DB62E1F287EF300304176 /* Class */,
				351DB6371F287EF300304176 /* Custom */,
				351DB6381F287EF300304176 /* Framework */,
				351DB66B1F287EF300304176 /* Resources */,
				351DB66E1F287EF300304176 /* Support */,
				351DB66F1F287EF300304176 /* Vender */,
				3553B73A1EE0161B00ACDF37 /* Main.storyboard */,
				3553B73D1EE0161B00ACDF37 /* Assets.xcassets */,
				3553B73F1EE0161B00ACDF37 /* LaunchScreen.storyboard */,
				3553B7421EE0161B00ACDF37 /* Info.plist */,
			);
			path = dommmm;
			sourceTree = "<group>";
		};
		3553B74A1EE0161C00ACDF37 /* dommmmTests */ = {
			isa = PBXGroup;
			children = (
				3553B74B1EE0161C00ACDF37 /* dommmmTests.swift */,
				3553B74D1EE0161C00ACDF37 /* Info.plist */,
			);
			path = dommmmTests;
			sourceTree = "<group>";
		};
		3553B7551EE0161C00ACDF37 /* dommmmUITests */ = {
			isa = PBXGroup;
			children = (
				3553B7561EE0161C00ACDF37 /* dommmmUITests.swift */,
				3553B7581EE0161C00ACDF37 /* Info.plist */,
			);
			path = dommmmUITests;
			sourceTree = "<group>";
		};
/* End PBXGroup section */

/* Begin PBXNativeTarget section */
		3553B7321EE0161B00ACDF37 /* dommmm */ = {
			isa = PBXNativeTarget;
			buildConfigurationList = 3553B75B1EE0161C00ACDF37 /* Build configuration list for PBXNativeTarget "dommmm" */;
			buildPhases = (
				3553B72F1EE0161B00ACDF37 /* Sources */,
				3553B7301EE0161B00ACDF37 /* Frameworks */,
				3553B7311EE0161B00ACDF37 /* Resources */,
			);
			buildRules = (
			);
			dependencies = (
			);
			name = dommmm;
			productName = dommmm;
			productReference = 3553B7331EE0161B00ACDF37 /* dommmm.app */;
			productType = "com.apple.product-type.application";
		};
		3553B7461EE0161C00ACDF37 /* dommmmTests */ = {
			isa = PBXNativeTarget;
			buildConfigurationList = 3553B75E1EE0161C00ACDF37 /* Build configuration list for PBXNativeTarget "dommmmTests" */;
			buildPhases = (
				3553B7431EE0161C00ACDF37 /* Sources */,
				3553B7441EE0161C00ACDF37 /* Frameworks */,
				3553B7451EE0161C00ACDF37 /* Resources */,
			);
			buildRules = (
			);
			dependencies = (
				3553B7491EE0161C00ACDF37 /* PBXTargetDependency */,
			);
			name = dommmmTests;
			productName = dommmmTests;
			productReference = 3553B7471EE0161C00ACDF37 /* dommmmTests.xctest */;
			productType = "com.apple.product-type.bundle.unit-test";
		};
		3553B7511EE0161C00ACDF37 /* dommmmUITests */ = {
			isa = PBXNativeTarget;
			buildConfigurationList = 3553B7611EE0161C00ACDF37 /* Build configuration list for PBXNativeTarget "dommmmUITests" */;
			buildPhases = (
				3553B74E1EE0161C00ACDF37 /* Sources */,
				3553B74F1EE0161C00ACDF37 /* Frameworks */,
				3553B7501EE0161C00ACDF37 /* Resources */,
			);
			buildRules = (
			);
			dependencies = (
				3553B7541EE0161C00ACDF37 /* PBXTargetDependency */,
			);
			name = dommmmUITests;
			productName = dommmmUITests;
			productReference = 3553B7521EE0161C00ACDF37 /* dommmmUITests.xctest */;
			productType = "com.apple.product-type.bundle.ui-testing";
		};
/* End PBXNativeTarget section */

/* Begin PBXProject section */
		3553B72B1EE0161B00ACDF37 /* Project object */ = {
			isa = PBXProject;
			attributes = {
				LastSwiftUpdateCheck = 0830;
				LastUpgradeCheck = 0830;
				ORGANIZATIONNAME = "刘杰";
				TargetAttributes = {
					3553B7321EE0161B00ACDF37 = {
						CreatedOnToolsVersion = 8.3.2;
						DevelopmentTeam = T77DNJF279;
						LastSwiftMigration = 0830;
						ProvisioningStyle = Automatic;
						SystemCapabilities = {
							com.apple.BackgroundModes = {
								enabled = 1;
							};
						};
					};
					3553B7461EE0161C00ACDF37 = {
						CreatedOnToolsVersion = 8.3.2;
						ProvisioningStyle = Automatic;
						TestTargetID = 3553B7321EE0161B00ACDF37;
					};
					3553B7511EE0161C00ACDF37 = {
						CreatedOnToolsVersion = 8.3.2;
						ProvisioningStyle = Automatic;
						TestTargetID = 3553B7321EE0161B00ACDF37;
					};
				};
			};
			buildConfigurationList = 3553B72E1EE0161B00ACDF37 /* Build configuration list for PBXProject "dommmm" */;
			compatibilityVersion = "Xcode 3.2";
			developmentRegion = English;
			hasScannedForEncodings = 0;
			knownRegions = (
				en,
				Base,
			);
			mainGroup = 3553B72A1EE0161B00ACDF37;
			productRefGroup = 3553B7341EE0161B00ACDF37 /* Products */;
			projectDirPath = "";
			projectRoot = "";
			targets = (
				3553B7321EE0161B00ACDF37 /* dommmm */,
				3553B7461EE0161C00ACDF37 /* dommmmTests */,
				3553B7511EE0161C00ACDF37 /* dommmmUITests */,
			);
		};
/* End PBXProject section */

/* Begin PBXResourcesBuildPhase section */
		3553B7311EE0161B00ACDF37 /* Resources */ = {
			isa = PBXResourcesBuildPhase;
			buildActionMask = 2147483647;
			files = (
				3553B7411EE0161B00ACDF37 /* LaunchScreen.storyboard in Resources */,
				351DB68E1F287EF300304176 /* boy.mp3 in Resources */,
				3553B73E1EE0161B00ACDF37 /* Assets.xcassets in Resources */,
				351DB6871F287EF300304176 /* MJRefresh.bundle in Resources */,
				351DB68F1F287EF300304176 /* liangbo.png in Resources */,
				3553B73C1EE0161B00ACDF37 /* Main.storyboard in Resources */,
				35E53F7D1F3DA2FC005027D3 /* MBProgressHUD.bundle in Resources */,
			);
			runOnlyForDeploymentPostprocessing = 0;
		};
		3553B7451EE0161C00ACDF37 /* Resources */ = {
			isa = PBXResourcesBuildPhase;
			buildActionMask = 2147483647;
			files = (
			);
			runOnlyForDeploymentPostprocessing = 0;
		};
		3553B7501EE0161C00ACDF37 /* Resources */ = {
			isa = PBXResourcesBuildPhase;
			buildActionMask = 2147483647;
			files = (
			);
			runOnlyForDeploymentPostprocessing = 0;
		};
/* End PBXResourcesBuildPhase section */

/* Begin PBXSourcesBuildPhase section */
		3553B72F1EE0161B00ACDF37 /* Sources */ = {
			isa = PBXSourcesBuildPhase;
			buildActionMask = 2147483647;
			files = (
				352EAE4A1F4FC6D500F2A84F /* LJNavigationViewController.swift in Sources */,
				351DB6791F287EF300304176 /* MJRefreshAutoFooter.m in Sources */,
				351DB6911F287F3800304176 /* HttpController.swift in Sources */,
				351DB6801F287EF300304176 /* MJRefreshAutoStateFooter.m in Sources */,
				351DB6821F287EF300304176 /* MJRefreshBackNormalFooter.m in Sources */,
				351DB68C1F287EF300304176 /* UIView+MJExtension.m in Sources */,
				351DB68D1F287EF300304176 /* AppDelegate.swift in Sources */,
				351DB6841F287EF300304176 /* MJRefreshGifHeader.m in Sources */,
				35E53F7E1F3DA2FC005027D3 /* MBProgressHUD.m in Sources */,
				351DB6701F287EF300304176 /* MainViewController.swift in Sources */,
				351DB68B1F287EF300304176 /* UIScrollView+MJRefresh.m in Sources */,
				351DB6751F287EF300304176 /* ScrollViewController.swift in Sources */,
				351DB67D1F287EF300304176 /* MJRefreshHeader.m in Sources */,
				351DB67A1F287EF300304176 /* MJRefreshBackFooter.m in Sources */,
				351DB6881F287EF300304176 /* MJRefreshConst.m in Sources */,
				351DB6741F287EF300304176 /* PhoneText.swift in Sources */,
				351DB6781F287EF300304176 /* ViewController.swift in Sources */,
				351DB67E1F287EF300304176 /* MJRefreshAutoGifFooter.m in Sources */,
				351DB6711F287EF300304176 /* FirstViewController.swift in Sources */,
				35E53F811F3DA3D5005027D3 /* HUD.swift in Sources */,
				351DB6891F287EF300304176 /* NSBundle+MJRefresh.m in Sources */,
				351DB68A1F287EF300304176 /* UIScrollView+MJExtension.m in Sources */,
				351DB6771F287EF300304176 /* User.swift in Sources */,
				351DB67C1F287EF300304176 /* MJRefreshFooter.m in Sources */,
				351DB67B1F287EF300304176 /* MJRefreshComponent.m in Sources */,
				351DB6811F287EF300304176 /* MJRefreshBackGifFooter.m in Sources */,
				351DB6761F287EF300304176 /* SecondViewController.swift in Sources */,
				351DB6861F287EF300304176 /* MJRefreshStateHeader.m in Sources */,
				352EAE4C1F4FCC3B00F2A84F /* LJViewController.swift in Sources */,
				351DB6831F287EF300304176 /* MJRefreshBackStateFooter.m in Sources */,
				351DB6851F287EF300304176 /* MJRefreshNormalHeader.m in Sources */,
				351DB67F1F287EF300304176 /* MJRefreshAutoNormalFooter.m in Sources */,
				351DB6731F287EF300304176 /* MotionViewController.swift in Sources */,
			);
			runOnlyForDeploymentPostprocessing = 0;
		};
		3553B7431EE0161C00ACDF37 /* Sources */ = {
			isa = PBXSourcesBuildPhase;
			buildActionMask = 2147483647;
			files = (
				3553B74C1EE0161C00ACDF37 /* dommmmTests.swift in Sources */,
			);
			runOnlyForDeploymentPostprocessing = 0;
		};
		3553B74E1EE0161C00ACDF37 /* Sources */ = {
			isa = PBXSourcesBuildPhase;
			buildActionMask = 2147483647;
			files = (
				3553B7571EE0161C00ACDF37 /* dommmmUITests.swift in Sources */,
			);
			runOnlyForDeploymentPostprocessing = 0;
		};
/* End PBXSourcesBuildPhase section */

/* Begin PBXTargetDependency section */
		3553B7491EE0161C00ACDF37 /* PBXTargetDependency */ = {
			isa = PBXTargetDependency;
			target = 3553B7321EE0161B00ACDF37 /* dommmm */;
			targetProxy = 3553B7481EE0161C00ACDF37 /* PBXContainerItemProxy */;
		};
		3553B7541EE0161C00ACDF37 /* PBXTargetDependency */ = {
			isa = PBXTargetDependency;
			target = 3553B7321EE0161B00ACDF37 /* dommmm */;
			targetProxy = 3553B7531EE0161C00ACDF37 /* PBXContainerItemProxy */;
		};
/* End PBXTargetDependency section */

/* Begin PBXVariantGroup section */
		3553B73A1EE0161B00ACDF37 /* Main.storyboard */ = {
			isa = PBXVariantGroup;
			children = (
				3553B73B1EE0161B00ACDF37 /* Base */,
			);
			name = Main.storyboard;
			sourceTree = "<group>";
		};
		3553B73F1EE0161B00ACDF37 /* LaunchScreen.storyboard */ = {
			isa = PBXVariantGroup;
			children = (
				3553B7401EE0161B00ACDF37 /* Base */,
			);
			name = LaunchScreen.storyboard;
			sourceTree = "<group>";
		};
/* End PBXVariantGroup section */

/* Begin XCBuildConfiguration section */
		3553B7591EE0161C00ACDF37 /* Debug */ = {
			isa = XCBuildConfiguration;
			buildSettings = {
				ALWAYS_SEARCH_USER_PATHS = NO;
				CLANG_ANALYZER_NONNULL = YES;
				CLANG_ANALYZER_NUMBER_OBJECT_CONVERSION = YES_AGGRESSIVE;
				CLANG_CXX_LANGUAGE_STANDARD = "gnu++0x";
				CLANG_CXX_LIBRARY = "libc++";
				CLANG_ENABLE_MODULES = YES;
				CLANG_ENABLE_OBJC_ARC = YES;
				CLANG_WARN_BOOL_CONVERSION = YES;
				CLANG_WARN_CONSTANT_CONVERSION = YES;
				CLANG_WARN_DIRECT_OBJC_ISA_USAGE = YES_ERROR;
				CLANG_WARN_DOCUMENTATION_COMMENTS = YES;
				CLANG_WARN_EMPTY_BODY = YES;
				CLANG_WARN_ENUM_CONVERSION = YES;
				CLANG_WARN_INFINITE_RECURSION = YES;
				CLANG_WARN_INT_CONVERSION = YES;
				CLANG_WARN_OBJC_ROOT_CLASS = YES_ERROR;
				CLANG_WARN_SUSPICIOUS_MOVE = YES;
				CLANG_WARN_UNREACHABLE_CODE = YES;
				CLANG_WARN__DUPLICATE_METHOD_MATCH = YES;
				"CODE_SIGN_IDENTITY[sdk=iphoneos*]" = "iPhone Developer";
				COPY_PHASE_STRIP = NO;
				DEBUG_INFORMATION_FORMAT = dwarf;
				ENABLE_STRICT_OBJC_MSGSEND = YES;
				ENABLE_TESTABILITY = YES;
				GCC_C_LANGUAGE_STANDARD = gnu99;
				GCC_DYNAMIC_NO_PIC = NO;
				GCC_NO_COMMON_BLOCKS = YES;
				GCC_OPTIMIZATION_LEVEL = 0;
				GCC_PREPROCESSOR_DEFINITIONS = (
					"DEBUG=1",
					"$(inherited)",
				);
				GCC_WARN_64_TO_32_BIT_CONVERSION = YES;
				GCC_WARN_ABOUT_RETURN_TYPE = YES_ERROR;
				GCC_WARN_UNDECLARED_SELECTOR = YES;
				GCC_WARN_UNINITIALIZED_AUTOS = YES_AGGRESSIVE;
				GCC_WARN_UNUSED_FUNCTION = YES;
				GCC_WARN_UNUSED_VARIABLE = YES;
				IPHONEOS_DEPLOYMENT_TARGET = 10.3;
				MTL_ENABLE_DEBUG_INFO = YES;
				ONLY_ACTIVE_ARCH = YES;
				SDKROOT = iphoneos;
				SWIFT_ACTIVE_COMPILATION_CONDITIONS = DEBUG;
				SWIFT_OPTIMIZATION_LEVEL = "-Onone";
			};
			name = Debug;
		};
		3553B75A1EE0161C00ACDF37 /* Release */ = {
			isa = XCBuildConfiguration;
			buildSettings = {
				ALWAYS_SEARCH_USER_PATHS = NO;
				CLANG_ANALYZER_NONNULL = YES;
				CLANG_ANALYZER_NUMBER_OBJECT_CONVERSION = YES_AGGRESSIVE;
				CLANG_CXX_LANGUAGE_STANDARD = "gnu++0x";
				CLANG_CXX_LIBRARY = "libc++";
				CLANG_ENABLE_MODULES = YES;
				CLANG_ENABLE_OBJC_ARC = YES;
				CLANG_WARN_BOOL_CONVERSION = YES;
				CLANG_WARN_CONSTANT_CONVERSION = YES;
				CLANG_WARN_DIRECT_OBJC_ISA_USAGE = YES_ERROR;
				CLANG_WARN_DOCUMENTATION_COMMENTS = YES;
				CLANG_WARN_EMPTY_BODY = YES;
				CLANG_WARN_ENUM_CONVERSION = YES;
				CLANG_WARN_INFINITE_RECURSION = YES;
				CLANG_WARN_INT_CONVERSION = YES;
				CLANG_WARN_OBJC_ROOT_CLASS = YES_ERROR;
				CLANG_WARN_SUSPICIOUS_MOVE = YES;
				CLANG_WARN_UNREACHABLE_CODE = YES;
				CLANG_WARN__DUPLICATE_METHOD_MATCH = YES;
				"CODE_SIGN_IDENTITY[sdk=iphoneos*]" = "iPhone Developer";
				COPY_PHASE_STRIP = NO;
				DEBUG_INFORMATION_FORMAT = "dwarf-with-dsym";
				ENABLE_NS_ASSERTIONS = NO;
				ENABLE_STRICT_OBJC_MSGSEND = YES;
				GCC_C_LANGUAGE_STANDARD = gnu99;
				GCC_NO_COMMON_BLOCKS = YES;
				GCC_WARN_64_TO_32_BIT_CONVERSION = YES;
				GCC_WARN_ABOUT_RETURN_TYPE = YES_ERROR;
				GCC_WARN_UNDECLARED_SELECTOR = YES;
				GCC_WARN_UNINITIALIZED_AUTOS = YES_AGGRESSIVE;
				GCC_WARN_UNUSED_FUNCTION = YES;
				GCC_WARN_UNUSED_VARIABLE = YES;
				IPHONEOS_DEPLOYMENT_TARGET = 10.3;
				MTL_ENABLE_DEBUG_INFO = NO;
				SDKROOT = iphoneos;
				SWIFT_OPTIMIZATION_LEVEL = "-Owholemodule";
				VALIDATE_PRODUCT = YES;
			};
			name = Release;
		};
		3553B75C1EE0161C00ACDF37 /* Debug */ = {
			isa = XCBuildConfiguration;
			buildSettings = {
				ASSETCATALOG_COMPILER_APPICON_NAME = AppIcon;
				ASSETCATALOG_COMPILER_LAUNCHIMAGE_NAME = LaunchImage;
				CLANG_ENABLE_MODULES = YES;
				DEVELOPMENT_TEAM = T77DNJF279;
				INFOPLIST_FILE = dommmm/Info.plist;
				LD_RUNPATH_SEARCH_PATHS = "$(inherited) @executable_path/Frameworks";
				PRODUCT_BUNDLE_IDENTIFIER = liujie.dommmm;
				PRODUCT_NAME = "$(TARGET_NAME)";
				SWIFT_OBJC_BRIDGING_HEADER = /Users/jieliu/Desktop/swiftDemo/dommmm/xxx_Bridge_Header.h;
				SWIFT_OPTIMIZATION_LEVEL = "-Onone";
				SWIFT_VERSION = 3.0;
			};
			name = Debug;
		};
		3553B75D1EE0161C00ACDF37 /* Release */ = {
			isa = XCBuildConfiguration;
			buildSettings = {
				ASSETCATALOG_COMPILER_APPICON_NAME = AppIcon;
				ASSETCATALOG_COMPILER_LAUNCHIMAGE_NAME = LaunchImage;
				CLANG_ENABLE_MODULES = YES;
				DEVELOPMENT_TEAM = T77DNJF279;
				INFOPLIST_FILE = dommmm/Info.plist;
				LD_RUNPATH_SEARCH_PATHS = "$(inherited) @executable_path/Frameworks";
				PRODUCT_BUNDLE_IDENTIFIER = liujie.dommmm;
				PRODUCT_NAME = "$(TARGET_NAME)";
				SWIFT_OBJC_BRIDGING_HEADER = /Users/jieliu/Desktop/swiftDemo/dommmm/xxx_Bridge_Header.h;
				SWIFT_VERSION = 3.0;
			};
			name = Release;
		};
		3553B75F1EE0161C00ACDF37 /* Debug */ = {
			isa = XCBuildConfiguration;
			buildSettings = {
				ALWAYS_EMBED_SWIFT_STANDARD_LIBRARIES = YES;
				BUNDLE_LOADER = "$(TEST_HOST)";
				INFOPLIST_FILE = dommmmTests/Info.plist;
				LD_RUNPATH_SEARCH_PATHS = "$(inherited) @executable_path/Frameworks @loader_path/Frameworks";
				PRODUCT_BUNDLE_IDENTIFIER = liujie.dommmmTests;
				PRODUCT_NAME = "$(TARGET_NAME)";
				SWIFT_VERSION = 3.0;
				TEST_HOST = "$(BUILT_PRODUCTS_DIR)/dommmm.app/dommmm";
			};
			name = Debug;
		};
		3553B7601EE0161C00ACDF37 /* Release */ = {
			isa = XCBuildConfiguration;
			buildSettings = {
				ALWAYS_EMBED_SWIFT_STANDARD_LIBRARIES = YES;
				BUNDLE_LOADER = "$(TEST_HOST)";
				INFOPLIST_FILE = dommmmTests/Info.plist;
				LD_RUNPATH_SEARCH_PATHS = "$(inherited) @executable_path/Frameworks @loader_path/Frameworks";
				PRODUCT_BUNDLE_IDENTIFIER = liujie.dommmmTests;
				PRODUCT_NAME = "$(TARGET_NAME)";
				SWIFT_VERSION = 3.0;
				TEST_HOST = "$(BUILT_PRODUCTS_DIR)/dommmm.app/dommmm";
			};
			name = Release;
		};
		3553B7621EE0161C00ACDF37 /* Debug */ = {
			isa = XCBuildConfiguration;
			buildSettings = {
				ALWAYS_EMBED_SWIFT_STANDARD_LIBRARIES = YES;
				INFOPLIST_FILE = dommmmUITests/Info.plist;
				LD_RUNPATH_SEARCH_PATHS = "$(inherited) @executable_path/Frameworks @loader_path/Frameworks";
				PRODUCT_BUNDLE_IDENTIFIER = liujie.dommmmUITests;
				PRODUCT_NAME = "$(TARGET_NAME)";
				SWIFT_VERSION = 3.0;
				TEST_TARGET_NAME = dommmm;
			};
			name = Debug;
		};
		3553B7631EE0161C00ACDF37 /* Release */ = {
			isa = XCBuildConfiguration;
			buildSettings = {
				ALWAYS_EMBED_SWIFT_STANDARD_LIBRARIES = YES;
				INFOPLIST_FILE = dommmmUITests/Info.plist;
				LD_RUNPATH_SEARCH_PATHS = "$(inherited) @executable_path/Frameworks @loader_path/Frameworks";
				PRODUCT_BUNDLE_IDENTIFIER = liujie.dommmmUITests;
				PRODUCT_NAME = "$(TARGET_NAME)";
				SWIFT_VERSION = 3.0;
				TEST_TARGET_NAME = dommmm;
			};
			name = Release;
		};
/* End XCBuildConfiguration section */

/* Begin XCConfigurationList section */
		3553B72E1EE0161B00ACDF37 /* Build configuration list for PBXProject "dommmm" */ = {
			isa = XCConfigurationList;
			buildConfigurations = (
				3553B7591EE0161C00ACDF37 /* Debug */,
				3553B75A1EE0161C00ACDF37 /* Release */,
			);
			defaultConfigurationIsVisible = 0;
			defaultConfigurationName = Release;
		};
		3553B75B1EE0161C00ACDF37 /* Build configuration list for PBXNativeTarget "dommmm" */ = {
			isa = XCConfigurationList;
			buildConfigurations = (
				3553B75C1EE0161C00ACDF37 /* Debug */,
				3553B75D1EE0161C00ACDF37 /* Release */,
			);
			defaultConfigurationIsVisible = 0;
			defaultConfigurationName = Release;
		};
		3553B75E1EE0161C00ACDF37 /* Build configuration list for PBXNativeTarget "dommmmTests" */ = {
			isa = XCConfigurationList;
			buildConfigurations = (
				3553B75F1EE0161C00ACDF37 /* Debug */,
				3553B7601EE0161C00ACDF37 /* Release */,
			);
			defaultConfigurationIsVisible = 0;
			defaultConfigurationName = Release;
		};
		3553B7611EE0161C00ACDF37 /* Build configuration list for PBXNativeTarget "dommmmUITests" */ = {
			isa = XCConfigurationList;
			buildConfigurations = (
				3553B7621EE0161C00ACDF37 /* Debug */,
				3553B7631EE0161C00ACDF37 /* Release */,
			);
			defaultConfigurationIsVisible = 0;
			defaultConfigurationName = Release;
		};
/* End XCConfigurationList section */
	};
	rootObject = 3553B72B1EE0161B00ACDF37 /* Project object */;
}
